
Microsoft Visual Studio Solution File, Format Version 12.00
# Visual Studio Version 17
VisualStudioVersion = 17.2.32505.173
MinimumVisualStudioVersion = 10.0.40219.1
Project("{FAE04EC0-301F-11D3-BF4B-00C04F79EFBC}") = "MerryTest", "MX001\MerryTest.csproj", "{342DA5C3-0F1F-470B-8C22-023B7B990F70}"
EndProject
Project("{FAE04EC0-301F-11D3-BF4B-00C04F79EFBC}") = "ConsoleApp1", "ConsoleApp1\ConsoleApp1.csproj", "{AEB4DE69-B086-44AB-8C58-0A8B2BB15565}"
EndProject
Global
	GlobalSection(SolutionConfigurationPlatforms) = preSolution
		Debug|Any CPU = Debug|Any CPU
		Release|Any CPU = Release|Any CPU
	EndGlobalSection
	GlobalSection(ProjectConfigurationPlatforms) = postSolution
		{342DA5C3-0F1F-470B-8C22-023B7B990F70}.Debug|Any CPU.ActiveCfg = Debug|Any CPU
		{342DA5C3-0F1F-470B-8C22-023B7B990F70}.Debug|Any CPU.Build.0 = Debug|Any CPU
		{342DA5C3-0F1F-470B-8C22-023B7B990F70}.Release|Any CPU.ActiveCfg = Release|Any CPU
		{342DA5C3-0F1F-470B-8C22-023B7B990F70}.Release|Any CPU.Build.0 = Release|Any CPU
		{AEB4DE69-B086-44AB-8C58-0A8B2BB15565}.Debug|Any CPU.ActiveCfg = Debug|Any CPU
		{AEB4DE69-B086-44AB-8C58-0A8B2BB15565}.Debug|Any CPU.Build.0 = Debug|Any CPU
		{AEB4DE69-B086-44AB-8C58-0A8B2BB15565}.Release|Any CPU.ActiveCfg = Release|Any CPU
		{AEB4DE69-B086-44AB-8C58-0A8B2BB15565}.Release|Any CPU.Build.0 = Release|Any CPU
	EndGlobalSection
	GlobalSection(SolutionProperties) = preSolution
		HideSolutionNode = FALSE
	EndGlobalSection
	GlobalSection(ExtensibilityGlobals) = postSolution
		SolutionGuid = {D3CBE39B-98DD-4FC5-BEC7-6730567C3C6E}
	EndGlobalSection
EndGlobal
